
Microsoft Visual Studio Solution File, Format Version 12.00
# Visual Studio Version 17
VisualStudioVersion = 17.9.34714.143
MinimumVisualStudioVersion = 10.0.40219.1
Project("{2150E333-8FDC-42A3-9474-1A3956D46DE8}") = "Solution Items", "Solution Items", "{2299B737-41E1-4AC3-841A-900436EC396B}"
	ProjectSection(SolutionItems) = preProject
		.editorconfig = .editorconfig
		.gitignore = .gitignore
		README.md = README.md
	EndProjectSection
EndProject
Project("{9A19103F-16F7-4668-BE54-9A1E7A4F7556}") = "TerrainTower", "TerrainTower\TerrainTower.csproj", "{A6D5F6FC-B88E-4AF7-AE5A-52493FBE0659}"
EndProject
Project("{FAE04EC0-301F-11D3-BF4B-00C04F79EFBC}") = "Assembly-CSharp", "..\COI_ExampleMod\ExampleMod.Unity\Assembly-CSharp.csproj", "{51AFEED6-E9DC-F4E6-9C05-507909C7D54E}"
EndProject
Project("{FAE04EC0-301F-11D3-BF4B-00C04F79EFBC}") = "Assembly-CSharp-Editor", "..\COI_ExampleMod\ExampleMod.Unity\Assembly-CSharp-Editor.csproj", "{6CA5D4AB-54C2-40B3-6EEE-D694DCCF42CB}"
EndProject
Global
	GlobalSection(SolutionConfigurationPlatforms) = preSolution
		Debug|Any CPU = Debug|Any CPU
		Release|Any CPU = Release|Any CPU
	EndGlobalSection
	GlobalSection(ProjectConfigurationPlatforms) = postSolution
		{A6D5F6FC-B88E-4AF7-AE5A-52493FBE0659}.Debug|Any CPU.ActiveCfg = Debug|Any CPU
		{A6D5F6FC-B88E-4AF7-AE5A-52493FBE0659}.Debug|Any CPU.Build.0 = Debug|Any CPU
		{A6D5F6FC-B88E-4AF7-AE5A-52493FBE0659}.Release|Any CPU.ActiveCfg = Release|Any CPU
		{A6D5F6FC-B88E-4AF7-AE5A-52493FBE0659}.Release|Any CPU.Build.0 = Release|Any CPU
		{51AFEED6-E9DC-F4E6-9C05-507909C7D54E}.Debug|Any CPU.ActiveCfg = Debug|Any CPU
		{51AFEED6-E9DC-F4E6-9C05-507909C7D54E}.Debug|Any CPU.Build.0 = Debug|Any CPU
		{51AFEED6-E9DC-F4E6-9C05-507909C7D54E}.Release|Any CPU.ActiveCfg = Release|Any CPU
		{51AFEED6-E9DC-F4E6-9C05-507909C7D54E}.Release|Any CPU.Build.0 = Release|Any CPU
		{6CA5D4AB-54C2-40B3-6EEE-D694DCCF42CB}.Debug|Any CPU.ActiveCfg = Debug|Any CPU
		{6CA5D4AB-54C2-40B3-6EEE-D694DCCF42CB}.Debug|Any CPU.Build.0 = Debug|Any CPU
		{6CA5D4AB-54C2-40B3-6EEE-D694DCCF42CB}.Release|Any CPU.ActiveCfg = Release|Any CPU
		{6CA5D4AB-54C2-40B3-6EEE-D694DCCF42CB}.Release|Any CPU.Build.0 = Release|Any CPU
	EndGlobalSection
	GlobalSection(SolutionProperties) = preSolution
		HideSolutionNode = FALSE
	EndGlobalSection
	GlobalSection(ExtensibilityGlobals) = postSolution
		SolutionGuid = {BFC34065-3227-4AA9-99DC-9620336B0A0D}
	EndGlobalSection
EndGlobal
