
Microsoft Visual Studio Solution File, Format Version 11.00
# Visual Studio 2010
Project("{FAE04EC0-301F-11D3-BF4B-00C04F79EFBC}") = "Mafi", "Mafi.csproj", "{B674487E-E7CE-409E-B4C9-698AB4D6CDFD}"
EndProject
Global
	GlobalSection(SolutionConfigurationPlatforms) = preSolution
		Debug|Any CPU = Debug|Any CPU
		Release|Any CPU = Release|Any CPU
	EndGlobalSection
	GlobalSection(ProjectConfigurationPlatforms) = postSolution
		{B674487E-E7CE-409E-B4C9-698AB4D6CDFD}.Debug|Any CPU.ActiveCfg = Debug|Any CPU
		{B674487E-E7CE-409E-B4C9-698AB4D6CDFD}.Debug|Any CPU.Build.0 = Debug|Any CPU
		{B674487E-E7CE-409E-B4C9-698AB4D6CDFD}.Release|Any CPU.ActiveCfg = Release|Any CPU
		{B674487E-E7CE-409E-B4C9-698AB4D6CDFD}.Release|Any CPU.Build.0 = Release|Any CPU
	EndGlobalSection
	GlobalSection(SolutionProperties) = preSolution
		HideSolutionNode = FALSE
	EndGlobalSection
EndGlobal
